github.com/oneliang/frame-golang/context v0.0.0-20250110072446-cd2996ad502c h1:WqFtKrWv+Lx9EEn05mevXlxrOhrl/16Odsf8sS+mz3s=
github.com/oneliang/frame-golang/context v0.0.0-20250110072446-cd2996ad502c/go.mod h1:m9EhX+X3QNbFbKKgheTOen5xKOgnY3SqUqBmoEj4sYM=
github.com/oneliang/frame-golang/http v0.0.0-20240821055338-bef804f79d1b/go.mod h1:BYzeODHr8FJtzHTzZIFiqaHV2Cldkrnmq00ObBlw898=
github.com/oneliang/frame-golang/ioc v0.0.0-20240821055338-bef804f79d1b/go.mod h1:2MnYs76/2gadzdM6mZFze5mzktaymM8q/kfjVP7AGps=
github.com/oneliang/frame-golang/ioc v0.0.0-20250110072446-cd2996ad502c h1:wC1qqf4jkeXN+UJD7JPsxDwwFFcfFP93RmY2fw6u6uU=
github.com/oneliang/frame-golang/ioc v0.0.0-20250110072446-cd2996ad502c/go.mod h1:2MnYs76/2gadzdM6mZFze5mzktaymM8q/kfjVP7AGps=
github.com/oneliang/util-golang/base v0.0.0-20240822133303-f8d8d60f712c h1:YVZoEVD5yQnfT8tdDVgesfUFj3pJlUhdkYt9U06CSwQ=
github.com/oneliang/util-golang/base v0.0.0-20240822133303-f8d8d60f712c/go.mod h1:XLT7vKbe9x3sLgofi9GlJI11YT9ZzOdvZBZiai6c/W4=
github.com/oneliang/util-golang/base v0.0.0-20250107091240-ffda63863297 h1:fNJXB5Gc88PnQ0yjl1CzCa9kXv3DUw8B1FEfD30CiBk=
github.com/oneliang/util-golang/base v0.0.0-20250107091240-ffda63863297/go.mod h1:XLT7vKbe9x3sLgofi9GlJI11YT9ZzOdvZBZiai6c/W4=
github.com/oneliang/util-golang/base v0.0.0-20250503045740-ecf180562083 h1:C296FPzTb0DnUoLbl1tD4RKYUM0omrvQz8Xhi9rBavQ=
github.com/oneliang/util-golang/base v0.0.0-20250503045740-ecf180562083/go.mod h1:XLT7vKbe9x3sLgofi9GlJI11YT9ZzOdvZBZiai6c/W4=
github.com/oneliang/util-golang/base v0.0.0-20250508101609-34c606e0cc6d h1:bQEoKaTzjT7CNelkVV05vgWJtOxEdAN/+GhPy33dpcw=
github.com/oneliang/util-golang/base v0.0.0-20250508101609-34c606e0cc6d/go.mod h1:XLT7vKbe9x3sLgofi9GlJI11YT9ZzOdvZBZiai6c/W4=
github.com/oneliang/util-golang/base v0.0.0-20250510022855-30b3a3e358ec h1:N0bHpViOc/7XLoY4scOvqH3czNgTr71kUHfsPzEXfXk=
github.com/oneliang/util-golang/base v0.0.0-20250510022855-30b3a3e358ec/go.mod h1:XLT7vKbe9x3sLgofi9GlJI11YT9ZzOdvZBZiai6c/W4=
github.com/oneliang/util-golang/common v0.0.0-20240822133303-f8d8d60f712c h1:SXMB2GPfI3nTO4U/uA00a8CVe4Si/J/Y5ZPHl78kPMA=
github.com/oneliang/util-golang/common v0.0.0-20240822133303-f8d8d60f712c/go.mod h1:ek/ts7sJINi1eRGxyoXnoleZjCg0Ah0gPXU2U4sotcA=
github.com/oneliang/util-golang/common v0.0.0-20250107091240-ffda63863297 h1:LgOxE0Gh554YJsn2saOv+5wWmBQHUWfZ9dIBR4584BA=
github.com/oneliang/util-golang/common v0.0.0-20250107091240-ffda63863297/go.mod h1:ek/ts7sJINi1eRGxyoXnoleZjCg0Ah0gPXU2U4sotcA=
github.com/oneliang/util-golang/common v0.0.0-20250503045740-ecf180562083 h1:rWQR0Rezy9TFQzJ+GYP6bkMBaPz2fT+Nh73lrZnRB2Q=
github.com/oneliang/util-golang/common v0.0.0-20250503045740-ecf180562083/go.mod h1:ek/ts7sJINi1eRGxyoXnoleZjCg0Ah0gPXU2U4sotcA=
github.com/oneliang/util-golang/common v0.0.0-20250508101609-34c606e0cc6d h1:GMj9wKXFFc+2KfTk1P99EhlHcLOOiqapq/NihOYhgQY=
github.com/oneliang/util-golang/common v0.0.0-20250508101609-34c606e0cc6d/go.mod h1:ek/ts7sJINi1eRGxyoXnoleZjCg0Ah0gPXU2U4sotcA=
github.com/oneliang/util-golang/common v0.0.0-20250510022855-30b3a3e358ec h1:0OpzriYSzMB0Bg28jJIql06tDHrnK+sxF3WfGFNQ1So=
github.com/oneliang/util-golang/common v0.0.0-20250510022855-30b3a3e358ec/go.mod h1:ek/ts7sJINi1eRGxyoXnoleZjCg0Ah0gPXU2U4sotcA=
github.com/oneliang/util-golang/concurrent v0.0.0-20250107091240-ffda63863297/go.mod h1:3Gidu9OeMe6sTxsaXoONUkigV5myqX2GsEZlCnx2MEA=
github.com/oneliang/util-golang/constants v0.0.0-20240822133303-f8d8d60f712c h1:8E2J30d+R0kM8eU0ONqcfwkRA8tE0B/CFeG4P+Fe2uU=
github.com/oneliang/util-golang/constants v0.0.0-20240822133303-f8d8d60f712c/go.mod h1:IOW6dE1rurRnycJKY7IJYuCOAk5yrZ2m2aFqaCW08b8=
github.com/oneliang/util-golang/constants v0.0.0-20250107091240-ffda63863297 h1:KlTv4k32thGj765wSCUxU2EFWhckMYK6P7sjlZ2huFA=
github.com/oneliang/util-golang/constants v0.0.0-20250107091240-ffda63863297/go.mod h1:IOW6dE1rurRnycJKY7IJYuCOAk5yrZ2m2aFqaCW08b8=
github.com/oneliang/util-golang/constants v0.0.0-20250503045740-ecf180562083 h1:VPpLPzbHcuOg4NQUk/OXTcm+GWPixnryle/+6EP+gFY=
github.com/oneliang/util-golang/constants v0.0.0-20250503045740-ecf180562083/go.mod h1:IOW6dE1rurRnycJKY7IJYuCOAk5yrZ2m2aFqaCW08b8=
github.com/oneliang/util-golang/constants v0.0.0-20250508101609-34c606e0cc6d h1:F3fjTEDmcsFNKuOAsRTxaxIRZj7c77QzWiyhkkRIq3U=
github.com/oneliang/util-golang/constants v0.0.0-20250508101609-34c606e0cc6d/go.mod h1:IOW6dE1rurRnycJKY7IJYuCOAk5yrZ2m2aFqaCW08b8=
github.com/oneliang/util-golang/constants v0.0.0-20250510022855-30b3a3e358ec h1:+TzahjRVrHUmTRCW/pdSYtmhjQfTUxWq4eC+desPeNU=
github.com/oneliang/util-golang/constants v0.0.0-20250510022855-30b3a3e358ec/go.mod h1:IOW6dE1rurRnycJKY7IJYuCOAk5yrZ2m2aFqaCW08b8=
github.com/oneliang/util-golang/logging v0.0.0-20240822133303-f8d8d60f712c h1:DrXzIK/qbA3lhl8Oe0JFKLzuF+AXQ3TsxY6HH49WD4s=
github.com/oneliang/util-golang/logging v0.0.0-20240822133303-f8d8d60f712c/go.mod h1:fI4YV+WZkXC+svxzhNAj4fQ1W9b0lKMolpl8fDjws2k=
github.com/oneliang/util-golang/logging v0.0.0-20250107091240-ffda63863297 h1:Z+mCKkmvcBVVdqG7bno4v021rRTX2Or3339Ou8NVDaY=
github.com/oneliang/util-golang/logging v0.0.0-20250107091240-ffda63863297/go.mod h1:fI4YV+WZkXC+svxzhNAj4fQ1W9b0lKMolpl8fDjws2k=
