github.com/mattn/go-isatty v0.0.20 h1:xfD0iDuEKnDkl03q4limB+vH+GxLEtL/jb4xVJSWWEY=
github.com/mattn/go-isatty v0.0.20/go.mod h1:W+V8PltTTMOvKvAeJH7IuucS94S2C6jfK/D7dTCTo3Y=
github.com/mattn/go-tty v0.0.7 h1:KJ486B6qI8+wBO7kQxYgmmEFDaFEE96JMBQ7h400N8Q=
github.com/mattn/go-tty v0.0.7/go.mod h1:f2i5ZOvXBU/tCABmLmOfzLz9azMo5wdAaElRNnJKr+k=
github.com/oneliang/util-golang/base v0.0.0-20250503045740-ecf180562083 h1:C296FPzTb0DnUoLbl1tD4RKYUM0omrvQz8Xhi9rBavQ=
github.com/oneliang/util-golang/base v0.0.0-20250503045740-ecf180562083/go.mod h1:XLT7vKbe9x3sLgofi9GlJI11YT9ZzOdvZBZiai6c/W4=
github.com/oneliang/util-golang/base v0.0.0-20250508101609-34c606e0cc6d h1:bQEoKaTzjT7CNelkVV05vgWJtOxEdAN/+GhPy33dpcw=
github.com/oneliang/util-golang/base v0.0.0-20250508101609-34c606e0cc6d/go.mod h1:XLT7vKbe9x3sLgofi9GlJI11YT9ZzOdvZBZiai6c/W4=
github.com/oneliang/util-golang/base v0.0.0-20250510022855-30b3a3e358ec h1:N0bHpViOc/7XLoY4scOvqH3czNgTr71kUHfsPzEXfXk=
github.com/oneliang/util-golang/base v0.0.0-20250510022855-30b3a3e358ec/go.mod h1:XLT7vKbe9x3sLgofi9GlJI11YT9ZzOdvZBZiai6c/W4=
github.com/oneliang/util-golang/common v0.0.0-20250503045740-ecf180562083 h1:rWQR0Rezy9TFQzJ+GYP6bkMBaPz2fT+Nh73lrZnRB2Q=
github.com/oneliang/util-golang/common v0.0.0-20250503045740-ecf180562083/go.mod h1:ek/ts7sJINi1eRGxyoXnoleZjCg0Ah0gPXU2U4sotcA=
github.com/oneliang/util-golang/common v0.0.0-20250508101609-34c606e0cc6d h1:GMj9wKXFFc+2KfTk1P99EhlHcLOOiqapq/NihOYhgQY=
github.com/oneliang/util-golang/common v0.0.0-20250508101609-34c606e0cc6d/go.mod h1:ek/ts7sJINi1eRGxyoXnoleZjCg0Ah0gPXU2U4sotcA=
github.com/oneliang/util-golang/common v0.0.0-20250510022855-30b3a3e358ec h1:0OpzriYSzMB0Bg28jJIql06tDHrnK+sxF3WfGFNQ1So=
github.com/oneliang/util-golang/common v0.0.0-20250510022855-30b3a3e358ec/go.mod h1:ek/ts7sJINi1eRGxyoXnoleZjCg0Ah0gPXU2U4sotcA=
github.com/oneliang/util-golang/concurrent v0.0.0-20250107091240-ffda63863297 h1:1iwjvQX3qCVdXDIqCODcOPPC/05EZD3EvwJF9vesNfY=
github.com/oneliang/util-golang/concurrent v0.0.0-20250107091240-ffda63863297/go.mod h1:3Gidu9OeMe6sTxsaXoONUkigV5myqX2GsEZlCnx2MEA=
github.com/oneliang/util-golang/constants v0.0.0-20250503045740-ecf180562083 h1:VPpLPzbHcuOg4NQUk/OXTcm+GWPixnryle/+6EP+gFY=
github.com/oneliang/util-golang/constants v0.0.0-20250503045740-ecf180562083/go.mod h1:IOW6dE1rurRnycJKY7IJYuCOAk5yrZ2m2aFqaCW08b8=
github.com/oneliang/util-golang/constants v0.0.0-20250508101609-34c606e0cc6d h1:F3fjTEDmcsFNKuOAsRTxaxIRZj7c77QzWiyhkkRIq3U=
github.com/oneliang/util-golang/constants v0.0.0-20250508101609-34c606e0cc6d/go.mod h1:IOW6dE1rurRnycJKY7IJYuCOAk5yrZ2m2aFqaCW08b8=
github.com/oneliang/util-golang/constants v0.0.0-20250510022855-30b3a3e358ec h1:+TzahjRVrHUmTRCW/pdSYtmhjQfTUxWq4eC+desPeNU=
github.com/oneliang/util-golang/constants v0.0.0-20250510022855-30b3a3e358ec/go.mod h1:IOW6dE1rurRnycJKY7IJYuCOAk5yrZ2m2aFqaCW08b8=
github.com/oneliang/util-golang/logging v0.0.0-20250107091240-ffda63863297 h1:Z+mCKkmvcBVVdqG7bno4v021rRTX2Or3339Ou8NVDaY=
github.com/oneliang/util-golang/logging v0.0.0-20250107091240-ffda63863297/go.mod h1:fI4YV+WZkXC+svxzhNAj4fQ1W9b0lKMolpl8fDjws2k=
github.com/robotn/gohook v0.42.0 h1:y241yJtt1JvObVwoS2kXJ5OsoIsOoVkp/SPqmCAUhJg=
github.com/robotn/gohook v0.42.0/go.mod h1:PYgH0f1EaxhCvNSqIVTfo+SIUh1MrM2Uhe2w7SvFJDE=
github.com/vcaesar/keycode v0.10.1 h1:0DesGmMAPWpYTCYddOFiCMKCDKgNnwiQa2QXindVUHw=
github.com/vcaesar/keycode v0.10.1/go.mod h1:JNlY7xbKsh+LAGfY2j4M3znVrGEm5W1R8s/Uv6BJcfQ=
github.com/vcaesar/tt v0.20.1 h1:D/jUeeVCNbq3ad8M7hhtB3J9x5RZ6I1n1eZ0BJp7M+4=
github.com/vcaesar/tt v0.20.1/go.mod h1:cH2+AwGAJm19Wa6xvEa+0r+sXDJBT0QgNQey6mwqLeU=
golang.org/x/sys v0.6.0/go.mod h1:oPkhp1MJrh7nUepCBck5+mAzfO9JrbApNNgaTdGDITg=
golang.org/x/sys v0.33.0 h1:q3i8TbbEz+JRD9ywIRlyRAQbM0qF7hu24q3teo2hbuw=
golang.org/x/sys v0.33.0/go.mod h1:BJP2sWEmIv4KK5OTEluFJCKSidICx8ciO85XgH3Ak8k=
