github.com/oneliang/util-golang/base v0.0.0-20251114092906-fea6a0e06f15 h1:cMYTz0/lSJY/fu2s3hexa7w9Gmc+E4bssn/HeP7NJts=
github.com/oneliang/util-golang/base v0.0.0-20251114092906-fea6a0e06f15/go.mod h1:XLT7vKbe9x3sLgofi9GlJI11YT9ZzOdvZBZiai6c/W4=
github.com/oneliang/util-golang/common v0.0.0-20251114092906-fea6a0e06f15 h1:BDhmesmWUk95+rFOzRuyFFkpjFJa2V8dmsQt5CThWfk=
github.com/oneliang/util-golang/common v0.0.0-20251114092906-fea6a0e06f15/go.mod h1:ek/ts7sJINi1eRGxyoXnoleZjCg0Ah0gPXU2U4sotcA=
github.com/oneliang/util-golang/constants v0.0.0-20251114092906-fea6a0e06f15 h1:VnfUUDSdaim4OjsO6tcYqsqh/3lpGQT2oaD5y4fOOfA=
github.com/oneliang/util-golang/constants v0.0.0-20251114092906-fea6a0e06f15/go.mod h1:IOW6dE1rurRnycJKY7IJYuCOAk5yrZ2m2aFqaCW08b8=
